
Microsoft Visual Studio Solution File, Format Version 12.00
# Visual Studio 15
VisualStudioVersion = 15.0.28010.2041
MinimumVisualStudioVersion = 10.0.40219.1
Project("{FAE04EC0-301F-11D3-BF4B-00C04F79EFBC}") = "BucketSort", "BucketSort\BucketSort.csproj", "{AC244C64-2036-476F-AAB8-04D9A01E40E3}"
EndProject
Global
	GlobalSection(SolutionConfigurationPlatforms) = preSolution
		Debug|Any CPU = Debug|Any CPU
		Release|Any CPU = Release|Any CPU
	EndGlobalSection
	GlobalSection(ProjectConfigurationPlatforms) = postSolution
		{AC244C64-2036-476F-AAB8-04D9A01E40E3}.Debug|Any CPU.ActiveCfg = Debug|Any CPU
		{AC244C64-2036-476F-AAB8-04D9A01E40E3}.Debug|Any CPU.Build.0 = Debug|Any CPU
		{AC244C64-2036-476F-AAB8-04D9A01E40E3}.Release|Any CPU.ActiveCfg = Release|Any CPU
		{AC244C64-2036-476F-AAB8-04D9A01E40E3}.Release|Any CPU.Build.0 = Release|Any CPU
	EndGlobalSection
	GlobalSection(SolutionProperties) = preSolution
		HideSolutionNode = FALSE
	EndGlobalSection
	GlobalSection(ExtensibilityGlobals) = postSolution
		SolutionGuid = {D2CB466D-B595-4B4F-B409-FD84B3B1F092}
	EndGlobalSection
EndGlobal
